// !$*UTF8*$!
{
	archiveVersion = 1;
	classes = {
	};
	objectVersion = 46;
	objects = {

/* Begin PBXBuildFile section */
		791981061C2C258100CBA74B /* CameraView.h in Headers */ = {isa = PBXBuildFile; fileRef = 791981041C2C258100CBA74B /* CameraView.h */; };
		791981071C2C258100CBA74B /* CameraView.m in Sources */ = {isa = PBXBuildFile; fileRef = 791981051C2C258100CBA74B /* CameraView.m */; };
		7919810F1C2C27C400CBA74B /* SubviewsHelper.h in Headers */ = {isa = PBXBuildFile; fileRef = 7919810D1C2C27C400CBA74B /* SubviewsHelper.h */; };
		791981101C2C27C400CBA74B /* SubviewsHelper.m in Sources */ = {isa = PBXBuildFile; fileRef = 7919810E1C2C27C400CBA74B /* SubviewsHelper.m */; };
		791981171C2C408E00CBA74B /* UIViewController+TerrestrialAddition.m in Sources */ = {isa = PBXBuildFile; fileRef = 791981151C2C408E00CBA74B /* UIViewController+TerrestrialAddition.m */; };
		791981181C2C408E00CBA74B /* UIViewController+TerrestrialAddition.h in Headers */ = {isa = PBXBuildFile; fileRef = 791981161C2C408E00CBA74B /* UIViewController+TerrestrialAddition.h */; settings = {ATTRIBUTES = (Public, ); }; };
		79663C931C502A0D002C9522 /* MixPanelTracker.h in Headers */ = {isa = PBXBuildFile; fileRef = 79663C911C502A0C002C9522 /* MixPanelTracker.h */; };
		79663C941C502A0D002C9522 /* MixPanelTracker.m in Sources */ = {isa = PBXBuildFile; fileRef = 79663C921C502A0C002C9522 /* MixPanelTracker.m */; };
		79663C961C5129C7002C9522 /* APITests.m in Sources */ = {isa = PBXBuildFile; fileRef = 79663C951C5129C7002C9522 /* APITests.m */; };
		79A982C11BBC964300C4C7A8 /* NSString+Terrestrial_String.h in Headers */ = {isa = PBXBuildFile; fileRef = 79A982BF1BBC964300C4C7A8 /* NSString+Terrestrial_String.h */; settings = {ATTRIBUTES = (Public, ); }; };
		79A982C21BBC964300C4C7A8 /* NSString+Terrestrial_String.m in Sources */ = {isa = PBXBuildFile; fileRef = 79A982C01BBC964300C4C7A8 /* NSString+Terrestrial_String.m */; };
		79D676B71BA9B02A0095F4B5 /* Terrestrial.h in Headers */ = {isa = PBXBuildFile; fileRef = 79D676B61BA9B02A0095F4B5 /* Terrestrial.h */; settings = {ATTRIBUTES = (Public, ); }; };
		79D676BD1BA9B02B0095F4B5 /* Terrestrial.framework in Frameworks */ = {isa = PBXBuildFile; fileRef = 79D676B11BA9B02A0095F4B5 /* Terrestrial.framework */; };
		79D676C41BA9B02B0095F4B5 /* TerrestrialTests.m in Sources */ = {isa = PBXBuildFile; fileRef = 79D676C31BA9B02B0095F4B5 /* TerrestrialTests.m */; };
		79D676CE1BA9B0530095F4B5 /* Terrestrial.m in Sources */ = {isa = PBXBuildFile; fileRef = 79D676CD1BA9B0530095F4B5 /* Terrestrial.m */; };
		79E000B91BF52281001B79D8 /* Terrestrial_Extensions.swift in Sources */ = {isa = PBXBuildFile; fileRef = 7921236C1BF28BB600FDA670 /* Terrestrial_Extensions.swift */; };
		79F8008D1BF3766100A69642 /* TerrestrialUICategoryAdditions.h in Headers */ = {isa = PBXBuildFile; fileRef = 79F8008B1BF3766100A69642 /* TerrestrialUICategoryAdditions.h */; settings = {ATTRIBUTES = (Public, ); }; };
		79F8008E1BF3766100A69642 /* TerrestrialUICategoryAdditions.m in Sources */ = {isa = PBXBuildFile; fileRef = 79F8008C1BF3766100A69642 /* TerrestrialUICategoryAdditions.m */; };
/* End PBXBuildFile section */

/* Begin PBXContainerItemProxy section */
		79D676BE1BA9B02B0095F4B5 /* PBXContainerItemProxy */ = {
			isa = PBXContainerItemProxy;
			containerPortal = 79D676A81BA9B02A0095F4B5 /* Project object */;
			proxyType = 1;
			remoteGlobalIDString = 79D676B01BA9B02A0095F4B5;
			remoteInfo = Terrestrial;
		};
/* End PBXContainerItemProxy section */

/* Begin PBXFileReference section */
		791981041C2C258100CBA74B /* CameraView.h */ = {isa = PBXFileReference; fileEncoding = 4; lastKnownFileType = sourcecode.c.h; path = CameraView.h; sourceTree = "<group>"; };
		791981051C2C258100CBA74B /* CameraView.m */ = {isa = PBXFileReference; fileEncoding = 4; lastKnownFileType = sourcecode.c.objc; path = CameraView.m; sourceTree = "<group>"; };
		7919810D1C2C27C400CBA74B /* SubviewsHelper.h */ = {isa = PBXFileReference; fileEncoding = 4; lastKnownFileType = sourcecode.c.h; path = SubviewsHelper.h; sourceTree = "<group>"; };
		7919810E1C2C27C400CBA74B /* SubviewsHelper.m */ = {isa = PBXFileReference; fileEncoding = 4; lastKnownFileType = sourcecode.c.objc; path = SubviewsHelper.m; sourceTree = "<group>"; };
		791981151C2C408E00CBA74B /* UIViewController+TerrestrialAddition.m */ = {isa = PBXFileReference; fileEncoding = 4; lastKnownFileType = sourcecode.c.objc; path = "UIViewController+TerrestrialAddition.m"; sourceTree = "<group>"; };
		791981161C2C408E00CBA74B /* UIViewController+TerrestrialAddition.h */ = {isa = PBXFileReference; fileEncoding = 4; lastKnownFileType = sourcecode.c.h; path = "UIViewController+TerrestrialAddition.h"; sourceTree = "<group>"; };
		791981191C2C44DE00CBA74B /* UIKit.framework */ = {isa = PBXFileReference; lastKnownFileType = wrapper.framework; name = UIKit.framework; path = System/Library/Frameworks/UIKit.framework; sourceTree = SDKROOT; };
		7921236C1BF28BB600FDA670 /* Terrestrial_Extensions.swift */ = {isa = PBXFileReference; fileEncoding = 4; lastKnownFileType = sourcecode.swift; path = Terrestrial_Extensions.swift; sourceTree = "<group>"; };
		79663C911C502A0C002C9522 /* MixPanelTracker.h */ = {isa = PBXFileReference; fileEncoding = 4; lastKnownFileType = sourcecode.c.h; path = MixPanelTracker.h; sourceTree = "<group>"; };
		79663C921C502A0C002C9522 /* MixPanelTracker.m */ = {isa = PBXFileReference; fileEncoding = 4; lastKnownFileType = sourcecode.c.objc; path = MixPanelTracker.m; sourceTree = "<group>"; };
		79663C951C5129C7002C9522 /* APITests.m */ = {isa = PBXFileReference; fileEncoding = 4; lastKnownFileType = sourcecode.c.objc; path = APITests.m; sourceTree = "<group>"; };
		79A982BF1BBC964300C4C7A8 /* NSString+Terrestrial_String.h */ = {isa = PBXFileReference; fileEncoding = 4; lastKnownFileType = sourcecode.c.h; path = "NSString+Terrestrial_String.h"; sourceTree = "<group>"; };
		79A982C01BBC964300C4C7A8 /* NSString+Terrestrial_String.m */ = {isa = PBXFileReference; fileEncoding = 4; lastKnownFileType = sourcecode.c.objc; path = "NSString+Terrestrial_String.m"; sourceTree = "<group>"; };
		79D676B11BA9B02A0095F4B5 /* Terrestrial.framework */ = {isa = PBXFileReference; explicitFileType = wrapper.framework; includeInIndex = 0; path = Terrestrial.framework; sourceTree = BUILT_PRODUCTS_DIR; };
		79D676B51BA9B02A0095F4B5 /* Info.plist */ = {isa = PBXFileReference; lastKnownFileType = text.plist.xml; path = Info.plist; sourceTree = "<group>"; };
		79D676B61BA9B02A0095F4B5 /* Terrestrial.h */ = {isa = PBXFileReference; lastKnownFileType = sourcecode.c.h; path = Terrestrial.h; sourceTree = "<group>"; };
		79D676BC1BA9B02B0095F4B5 /* TerrestrialTests.xctest */ = {isa = PBXFileReference; explicitFileType = wrapper.cfbundle; includeInIndex = 0; path = TerrestrialTests.xctest; sourceTree = BUILT_PRODUCTS_DIR; };
		79D676C21BA9B02B0095F4B5 /* Info.plist */ = {isa = PBXFileReference; lastKnownFileType = text.plist.xml; path = Info.plist; sourceTree = "<group>"; };
		79D676C31BA9B02B0095F4B5 /* TerrestrialTests.m */ = {isa = PBXFileReference; lastKnownFileType = sourcecode.c.objc; path = TerrestrialTests.m; sourceTree = "<group>"; };
		79D676CD1BA9B0530095F4B5 /* Terrestrial.m */ = {isa = PBXFileReference; fileEncoding = 4; lastKnownFileType = sourcecode.c.objc; path = Terrestrial.m; sourceTree = "<group>"; };
		79F8008B1BF3766100A69642 /* TerrestrialUICategoryAdditions.h */ = {isa = PBXFileReference; fileEncoding = 4; lastKnownFileType = sourcecode.c.h; path = TerrestrialUICategoryAdditions.h; sourceTree = "<group>"; };
		79F8008C1BF3766100A69642 /* TerrestrialUICategoryAdditions.m */ = {isa = PBXFileReference; fileEncoding = 4; lastKnownFileType = sourcecode.c.objc; path = TerrestrialUICategoryAdditions.m; sourceTree = "<group>"; };
/* End PBXFileReference section */

/* Begin PBXFrameworksBuildPhase section */
		79D676AD1BA9B02A0095F4B5 /* Frameworks */ = {
			isa = PBXFrameworksBuildPhase;
			buildActionMask = 2147483647;
			files = (
			);
			runOnlyForDeploymentPostprocessing = 0;
		};
		79D676B91BA9B02B0095F4B5 /* Frameworks */ = {
			isa = PBXFrameworksBuildPhase;
			buildActionMask = 2147483647;
			files = (
				79D676BD1BA9B02B0095F4B5 /* Terrestrial.framework in Frameworks */,
			);
			runOnlyForDeploymentPostprocessing = 0;
		};
/* End PBXFrameworksBuildPhase section */

/* Begin PBXGroup section */
		7919810C1C2C272E00CBA74B /* Screenshots */ = {
			isa = PBXGroup;
			children = (
				791981151C2C408E00CBA74B /* UIViewController+TerrestrialAddition.m */,
				791981161C2C408E00CBA74B /* UIViewController+TerrestrialAddition.h */,
				7919810D1C2C27C400CBA74B /* SubviewsHelper.h */,
				7919810E1C2C27C400CBA74B /* SubviewsHelper.m */,
				791981041C2C258100CBA74B /* CameraView.h */,
				791981051C2C258100CBA74B /* CameraView.m */,
				79663C911C502A0C002C9522 /* MixPanelTracker.h */,
				79663C921C502A0C002C9522 /* MixPanelTracker.m */,
			);
			name = Screenshots;
			sourceTree = "<group>";
		};
		79D676A71BA9B02A0095F4B5 = {
			isa = PBXGroup;
			children = (
				791981191C2C44DE00CBA74B /* UIKit.framework */,
				79D676B31BA9B02A0095F4B5 /* Terrestrial */,
				79D676C01BA9B02B0095F4B5 /* TerrestrialTests */,
				79D676B21BA9B02A0095F4B5 /* Products */,
			);
			sourceTree = "<group>";
		};
		79D676B21BA9B02A0095F4B5 /* Products */ = {
			isa = PBXGroup;
			children = (
				79D676B11BA9B02A0095F4B5 /* Terrestrial.framework */,
				79D676BC1BA9B02B0095F4B5 /* TerrestrialTests.xctest */,
			);
			name = Products;
			sourceTree = "<group>";
		};
		79D676B31BA9B02A0095F4B5 /* Terrestrial */ = {
			isa = PBXGroup;
			children = (
				7919810C1C2C272E00CBA74B /* Screenshots */,
				79F8008B1BF3766100A69642 /* TerrestrialUICategoryAdditions.h */,
				79F8008C1BF3766100A69642 /* TerrestrialUICategoryAdditions.m */,
				79D676B61BA9B02A0095F4B5 /* Terrestrial.h */,
				79D676CD1BA9B0530095F4B5 /* Terrestrial.m */,
				79A982BF1BBC964300C4C7A8 /* NSString+Terrestrial_String.h */,
				79A982C01BBC964300C4C7A8 /* NSString+Terrestrial_String.m */,
				7921236C1BF28BB600FDA670 /* Terrestrial_Extensions.swift */,
				79D676B41BA9B02A0095F4B5 /* Supporting Files */,
			);
			path = Terrestrial;
			sourceTree = "<group>";
		};
		79D676B41BA9B02A0095F4B5 /* Supporting Files */ = {
			isa = PBXGroup;
			children = (
				79D676B51BA9B02A0095F4B5 /* Info.plist */,
			);
			name = "Supporting Files";
			sourceTree = "<group>";
		};
		79D676C01BA9B02B0095F4B5 /* TerrestrialTests */ = {
			isa = PBXGroup;
			children = (
				79D676C31BA9B02B0095F4B5 /* TerrestrialTests.m */,
				79663C951C5129C7002C9522 /* APITests.m */,
				79D676C11BA9B02B0095F4B5 /* Supporting Files */,
			);
			path = TerrestrialTests;
			sourceTree = "<group>";
		};
		79D676C11BA9B02B0095F4B5 /* Supporting Files */ = {
			isa = PBXGroup;
			children = (
				79D676C21BA9B02B0095F4B5 /* Info.plist */,
			);
			name = "Supporting Files";
			sourceTree = "<group>";
		};
/* End PBXGroup section */

/* Begin PBXHeadersBuildPhase section */
		79D676AE1BA9B02A0095F4B5 /* Headers */ = {
			isa = PBXHeadersBuildPhase;
			buildActionMask = 2147483647;
			files = (
				7919810F1C2C27C400CBA74B /* SubviewsHelper.h in Headers */,
				791981181C2C408E00CBA74B /* UIViewController+TerrestrialAddition.h in Headers */,
				79D676B71BA9B02A0095F4B5 /* Terrestrial.h in Headers */,
				79F8008D1BF3766100A69642 /* TerrestrialUICategoryAdditions.h in Headers */,
				791981061C2C258100CBA74B /* CameraView.h in Headers */,
				79663C931C502A0D002C9522 /* MixPanelTracker.h in Headers */,
				79A982C11BBC964300C4C7A8 /* NSString+Terrestrial_String.h in Headers */,
			);
			runOnlyForDeploymentPostprocessing = 0;
		};
/* End PBXHeadersBuildPhase section */

/* Begin PBXNativeTarget section */
		79D676B01BA9B02A0095F4B5 /* Terrestrial */ = {
			isa = PBXNativeTarget;
			buildConfigurationList = 79D676C71BA9B02B0095F4B5 /* Build configuration list for PBXNativeTarget "Terrestrial" */;
			buildPhases = (
				79D676AC1BA9B02A0095F4B5 /* Sources */,
				79D676AD1BA9B02A0095F4B5 /* Frameworks */,
				79D676AE1BA9B02A0095F4B5 /* Headers */,
				79D676AF1BA9B02A0095F4B5 /* Resources */,
				79663C8B1C4B1248002C9522 /* ShellScript */,
			);
			buildRules = (
			);
			dependencies = (
			);
			name = Terrestrial;
			productName = Terrestrial;
			productReference = 79D676B11BA9B02A0095F4B5 /* Terrestrial.framework */;
			productType = "com.apple.product-type.framework";
		};
		79D676BB1BA9B02B0095F4B5 /* TerrestrialTests */ = {
			isa = PBXNativeTarget;
			buildConfigurationList = 79D676CA1BA9B02B0095F4B5 /* Build configuration list for PBXNativeTarget "TerrestrialTests" */;
			buildPhases = (
				79D676B81BA9B02B0095F4B5 /* Sources */,
				79D676B91BA9B02B0095F4B5 /* Frameworks */,
				79D676BA1BA9B02B0095F4B5 /* Resources */,
			);
			buildRules = (
			);
			dependencies = (
				79D676BF1BA9B02B0095F4B5 /* PBXTargetDependency */,
			);
			name = TerrestrialTests;
			productName = TerrestrialTests;
			productReference = 79D676BC1BA9B02B0095F4B5 /* TerrestrialTests.xctest */;
			productType = "com.apple.product-type.bundle.unit-test";
		};
/* End PBXNativeTarget section */

/* Begin PBXProject section */
		79D676A81BA9B02A0095F4B5 /* Project object */ = {
			isa = PBXProject;
			attributes = {
				LastSwiftUpdateCheck = 0700;
				LastUpgradeCheck = 0630;
				ORGANIZATIONNAME = Terrestrial;
				TargetAttributes = {
					79D676B01BA9B02A0095F4B5 = {
						CreatedOnToolsVersion = 6.3.2;
						DevelopmentTeam = S399W94VV8;
					};
					79D676BB1BA9B02B0095F4B5 = {
						CreatedOnToolsVersion = 6.3.2;
					};
				};
			};
			buildConfigurationList = 79D676AB1BA9B02A0095F4B5 /* Build configuration list for PBXProject "Terrestrial" */;
			compatibilityVersion = "Xcode 3.2";
			developmentRegion = English;
			hasScannedForEncodings = 0;
			knownRegions = (
				en,
			);
			mainGroup = 79D676A71BA9B02A0095F4B5;
			productRefGroup = 79D676B21BA9B02A0095F4B5 /* Products */;
			projectDirPath = "";
			projectRoot = "";
			targets = (
				79D676B01BA9B02A0095F4B5 /* Terrestrial */,
				79D676BB1BA9B02B0095F4B5 /* TerrestrialTests */,
			);
		};
/* End PBXProject section */

/* Begin PBXResourcesBuildPhase section */
		79D676AF1BA9B02A0095F4B5 /* Resources */ = {
			isa = PBXResourcesBuildPhase;
			buildActionMask = 2147483647;
			files = (
			);
			runOnlyForDeploymentPostprocessing = 0;
		};
		79D676BA1BA9B02B0095F4B5 /* Resources */ = {
			isa = PBXResourcesBuildPhase;
			buildActionMask = 2147483647;
			files = (
			);
			runOnlyForDeploymentPostprocessing = 0;
		};
/* End PBXResourcesBuildPhase section */

/* Begin PBXShellScriptBuildPhase section */
		79663C8B1C4B1248002C9522 /* ShellScript */ = {
			isa = PBXShellScriptBuildPhase;
			buildActionMask = 2147483647;
			files = (
			);
			inputPaths = (
			);
			outputPaths = (
			);
			runOnlyForDeploymentPostprocessing = 0;
			shellPath = /bin/sh;
			shellScript = "set -e\nset +u\n# Avoid recursively calling this script.\nif [[ $SF_MASTER_SCRIPT_RUNNING ]]\nthen\nexit 0\nfi\nset -u\nexport SF_MASTER_SCRIPT_RUNNING=1\n\n\n# Constants\nSF_TARGET_NAME=${PROJECT_NAME}\nUNIVERSAL_OUTPUTFOLDER=${BUILD_DIR}/${CONFIGURATION}-universal\n\n# Take build target\nif [[ \"$SDK_NAME\" =~ ([A-Za-z]+) ]]\nthen\nSF_SDK_PLATFORM=${BASH_REMATCH[1]}\nelse\necho \"Could not find platform name from SDK_NAME: $SDK_NAME\"\nexit 1\nfi\n\nif [[ \"$SF_SDK_PLATFORM\" = \"iphoneos\" ]]\nthen\necho \"Please choose iPhone simulator as the build target.\"\nexit 1\nfi\n\nIPHONE_DEVICE_BUILD_DIR=${BUILD_DIR}/${CONFIGURATION}-iphoneos\n\n# Build the other (non-simulator) platform\nxcodebuild -project \"${PROJECT_FILE_PATH}\" -target \"${TARGET_NAME}\" -configuration \"${CONFIGURATION}\" -sdk iphoneos BUILD_DIR=\"${BUILD_DIR}\" OBJROOT=\"${OBJROOT}\" BUILD_ROOT=\"${BUILD_ROOT}\" CONFIGURATION_BUILD_DIR=\"${IPHONE_DEVICE_BUILD_DIR}/arm64\" SYMROOT=\"${SYMROOT}\" ARCHS='arm64' VALID_ARCHS='arm64' $ACTION\n\nxcodebuild -project \"${PROJECT_FILE_PATH}\" -target \"${TARGET_NAME}\" -configuration \"${CONFIGURATION}\" -sdk iphoneos BUILD_DIR=\"${BUILD_DIR}\" OBJROOT=\"${OBJROOT}\" BUILD_ROOT=\"${BUILD_ROOT}\"  CONFIGURATION_BUILD_DIR=\"${IPHONE_DEVICE_BUILD_DIR}/armv7\" SYMROOT=\"${SYMROOT}\" ARCHS='armv7 armv7s' VALID_ARCHS='armv7 armv7s' $ACTION\n\n# Copy the framework structure to the universal folder (clean it first)\nrm -rf \"${UNIVERSAL_OUTPUTFOLDER}\"\nmkdir -p \"${UNIVERSAL_OUTPUTFOLDER}\"\ncp -R \"${BUILD_DIR}/${CONFIGURATION}-iphonesimulator/${PROJECT_NAME}.framework\" \"${UNIVERSAL_OUTPUTFOLDER}/${PROJECT_NAME}.framework\"\n\n# Smash them together to combine all architectures\nlipo -create \"${BUILD_DIR}/${CONFIGURATION}-iphonesimulator/${PROJECT_NAME}.framework/${PROJECT_NAME}\" \"${BUILD_DIR}/${CONFIGURATION}-iphoneos/arm64/${PROJECT_NAME}.framework/${PROJECT_NAME}\" \"${BUILD_DIR}/${CONFIGURATION}-iphoneos/armv7/${PROJECT_NAME}.framework/${PROJECT_NAME}\" -output \"${UNIVERSAL_OUTPUTFOLDER}/${PROJECT_NAME}.framework/${PROJECT_NAME}\"\n\nrm -rf \"${PROJECT_DIR}/Output\"\n\nmkdir -p \"${PROJECT_DIR}/Output\"\n\ncp -R \"${UNIVERSAL_OUTPUTFOLDER}/${PROJECT_NAME}.framework\" \"${PROJECT_DIR}/Output/${PROJECT_NAME}.framework\"\n\n\n# cp -R \"${UNIVERSAL_OUTPUTFOLDER}/${PROJECT_NAME}.framework\" \"/Users/MrMambwe/Library/Mobile Documents/com~apple~CloudDocs/Terrestrial/Command Line Tool/Mac App/InspectionMadeEasy/Terrestrial/Framework/${PROJECT_NAME}.framework\"\n\nrm -rf \"../packer/Terrestrial.framework.tar.gz\"\n\ntar -cvzf \"../packer/Terrestrial.framework.tar.gz\" -C \"${PROJECT_DIR}/Output/\" \"${PROJECT_NAME}.framework\"\n";
		};
/* End PBXShellScriptBuildPhase section */

/* Begin PBXSourcesBuildPhase section */
		79D676AC1BA9B02A0095F4B5 /* Sources */ = {
			isa = PBXSourcesBuildPhase;
			buildActionMask = 2147483647;
			files = (
				791981171C2C408E00CBA74B /* UIViewController+TerrestrialAddition.m in Sources */,
				79E000B91BF52281001B79D8 /* Terrestrial_Extensions.swift in Sources */,
				79A982C21BBC964300C4C7A8 /* NSString+Terrestrial_String.m in Sources */,
				791981071C2C258100CBA74B /* CameraView.m in Sources */,
				79F8008E1BF3766100A69642 /* TerrestrialUICategoryAdditions.m in Sources */,
				791981101C2C27C400CBA74B /* SubviewsHelper.m in Sources */,
				79663C941C502A0D002C9522 /* MixPanelTracker.m in Sources */,
				79D676CE1BA9B0530095F4B5 /* Terrestrial.m in Sources */,
			);
			runOnlyForDeploymentPostprocessing = 0;
		};
		79D676B81BA9B02B0095F4B5 /* Sources */ = {
			isa = PBXSourcesBuildPhase;
			buildActionMask = 2147483647;
			files = (
				79663C961C5129C7002C9522 /* APITests.m in Sources */,
				79D676C41BA9B02B0095F4B5 /* TerrestrialTests.m in Sources */,
			);
			runOnlyForDeploymentPostprocessing = 0;
		};
/* End PBXSourcesBuildPhase section */

/* Begin PBXTargetDependency section */
		79D676BF1BA9B02B0095F4B5 /* PBXTargetDependency */ = {
			isa = PBXTargetDependency;
			target = 79D676B01BA9B02A0095F4B5 /* Terrestrial */;
			targetProxy = 79D676BE1BA9B02B0095F4B5 /* PBXContainerItemProxy */;
		};
/* End PBXTargetDependency section */

/* Begin XCBuildConfiguration section */
		79D676C51BA9B02B0095F4B5 /* Debug */ = {
			isa = XCBuildConfiguration;
			buildSettings = {
				ALWAYS_SEARCH_USER_PATHS = NO;
				ARCHS = (
					"$(ARCHS_STANDARD)",
					armv7s,
					i386,
				);
				CLANG_CXX_LANGUAGE_STANDARD = "gnu++0x";
				CLANG_CXX_LIBRARY = "libc++";
				CLANG_ENABLE_MODULES = YES;
				CLANG_ENABLE_OBJC_ARC = YES;
				CLANG_WARN_BOOL_CONVERSION = YES;
				CLANG_WARN_CONSTANT_CONVERSION = YES;
				CLANG_WARN_DIRECT_OBJC_ISA_USAGE = YES_ERROR;
				CLANG_WARN_EMPTY_BODY = YES;
				CLANG_WARN_ENUM_CONVERSION = YES;
				CLANG_WARN_INT_CONVERSION = YES;
				CLANG_WARN_OBJC_ROOT_CLASS = YES_ERROR;
				CLANG_WARN_UNREACHABLE_CODE = YES;
				CLANG_WARN__DUPLICATE_METHOD_MATCH = YES;
				"CODE_SIGN_IDENTITY[sdk=iphoneos*]" = "iPhone Developer";
				COPY_PHASE_STRIP = NO;
				CURRENT_PROJECT_VERSION = 1;
				DEBUG_INFORMATION_FORMAT = "dwarf-with-dsym";
				EMBEDDED_CONTENT_CONTAINS_SWIFT = YES;
				ENABLE_STRICT_OBJC_MSGSEND = YES;
				GCC_C_LANGUAGE_STANDARD = gnu99;
				GCC_DYNAMIC_NO_PIC = NO;
				GCC_NO_COMMON_BLOCKS = YES;
				GCC_OPTIMIZATION_LEVEL = 0;
				GCC_PREPROCESSOR_DEFINITIONS = (
					"DEBUG=1",
					"$(inherited)",
				);
				GCC_SYMBOLS_PRIVATE_EXTERN = NO;
				GCC_WARN_64_TO_32_BIT_CONVERSION = YES;
				GCC_WARN_ABOUT_RETURN_TYPE = YES_ERROR;
				GCC_WARN_UNDECLARED_SELECTOR = YES;
				GCC_WARN_UNINITIALIZED_AUTOS = YES_AGGRESSIVE;
				GCC_WARN_UNUSED_FUNCTION = YES;
				GCC_WARN_UNUSED_VARIABLE = YES;
				IPHONEOS_DEPLOYMENT_TARGET = 8.3;
				MTL_ENABLE_DEBUG_INFO = YES;
				ONLY_ACTIVE_ARCH = NO;
				SDKROOT = iphoneos;
				TARGETED_DEVICE_FAMILY = "1,2";
				VERSIONING_SYSTEM = "apple-generic";
				VERSION_INFO_PREFIX = "";
			};
			name = Debug;
		};
		79D676C61BA9B02B0095F4B5 /* Release */ = {
			isa = XCBuildConfiguration;
			buildSettings = {
				ALWAYS_SEARCH_USER_PATHS = NO;
				ARCHS = (
					"$(ARCHS_STANDARD)",
					armv7s,
					i386,
				);
				CLANG_CXX_LANGUAGE_STANDARD = "gnu++0x";
				CLANG_CXX_LIBRARY = "libc++";
				CLANG_ENABLE_MODULES = YES;
				CLANG_ENABLE_OBJC_ARC = YES;
				CLANG_WARN_BOOL_CONVERSION = YES;
				CLANG_WARN_CONSTANT_CONVERSION = YES;
				CLANG_WARN_DIRECT_OBJC_ISA_USAGE = YES_ERROR;
				CLANG_WARN_EMPTY_BODY = YES;
				CLANG_WARN_ENUM_CONVERSION = YES;
				CLANG_WARN_INT_CONVERSION = YES;
				CLANG_WARN_OBJC_ROOT_CLASS = YES_ERROR;
				CLANG_WARN_UNREACHABLE_CODE = YES;
				CLANG_WARN__DUPLICATE_METHOD_MATCH = YES;
				"CODE_SIGN_IDENTITY[sdk=iphoneos*]" = "iPhone Developer";
				COPY_PHASE_STRIP = NO;
				CURRENT_PROJECT_VERSION = 1;
				DEBUG_INFORMATION_FORMAT = "dwarf-with-dsym";
				EMBEDDED_CONTENT_CONTAINS_SWIFT = YES;
				ENABLE_NS_ASSERTIONS = NO;
				ENABLE_STRICT_OBJC_MSGSEND = YES;
				GCC_C_LANGUAGE_STANDARD = gnu99;
				GCC_NO_COMMON_BLOCKS = YES;
				GCC_WARN_64_TO_32_BIT_CONVERSION = YES;
				GCC_WARN_ABOUT_RETURN_TYPE = YES_ERROR;
				GCC_WARN_UNDECLARED_SELECTOR = YES;
				GCC_WARN_UNINITIALIZED_AUTOS = YES_AGGRESSIVE;
				GCC_WARN_UNUSED_FUNCTION = YES;
				GCC_WARN_UNUSED_VARIABLE = YES;
				IPHONEOS_DEPLOYMENT_TARGET = 8.3;
				MTL_ENABLE_DEBUG_INFO = NO;
				ONLY_ACTIVE_ARCH = NO;
				SDKROOT = iphoneos;
				TARGETED_DEVICE_FAMILY = "1,2";
				VALIDATE_PRODUCT = YES;
				VERSIONING_SYSTEM = "apple-generic";
				VERSION_INFO_PREFIX = "";
			};
			name = Release;
		};
		79D676C81BA9B02B0095F4B5 /* Debug */ = {
			isa = XCBuildConfiguration;
			buildSettings = {
				CLANG_ALLOW_NON_MODULAR_INCLUDES_IN_FRAMEWORK_MODULES = YES;
				CLANG_ENABLE_MODULES = YES;
				CODE_SIGN_IDENTITY = "iPhone Developer";
				DEFINES_MODULE = YES;
				DYLIB_COMPATIBILITY_VERSION = 1;
				DYLIB_CURRENT_VERSION = 1;
				DYLIB_INSTALL_NAME_BASE = "@rpath";
				EMBEDDED_CONTENT_CONTAINS_SWIFT = NO;
				FRAMEWORK_SEARCH_PATHS = (
					"$(inherited)",
					"$(PROJECT_DIR)/Terrestrial",
				);
				INFOPLIST_FILE = Terrestrial/Info.plist;
				INSTALL_PATH = "$(LOCAL_LIBRARY_DIR)/Frameworks";
				LD_DYLIB_INSTALL_NAME = "$(DYLIB_INSTALL_NAME_BASE:standardizepath)/$(EXECUTABLE_PATH)";
				LD_RUNPATH_SEARCH_PATHS = "$(inherited) @executable_path/Frameworks @loader_path/Frameworks";
				LIBRARY_SEARCH_PATHS = "$(inherited)";
				MACH_O_TYPE = mh_dylib;
				ONLY_ACTIVE_ARCH = NO;
				PRODUCT_NAME = "$(TARGET_NAME)";
				SKIP_INSTALL = YES;
				SWIFT_OPTIMIZATION_LEVEL = "-Onone";
			};
			name = Debug;
		};
		79D676C91BA9B02B0095F4B5 /* Release */ = {
			isa = XCBuildConfiguration;
			buildSettings = {
				CLANG_ALLOW_NON_MODULAR_INCLUDES_IN_FRAMEWORK_MODULES = YES;
				CLANG_ENABLE_MODULES = YES;
				CODE_SIGN_IDENTITY = "iPhone Developer";
				DEFINES_MODULE = YES;
				DYLIB_COMPATIBILITY_VERSION = 1;
				DYLIB_CURRENT_VERSION = 1;
				DYLIB_INSTALL_NAME_BASE = "@rpath";
				EMBEDDED_CONTENT_CONTAINS_SWIFT = NO;
				FRAMEWORK_SEARCH_PATHS = (
					"$(inherited)",
					"$(PROJECT_DIR)/Terrestrial",
				);
				INFOPLIST_FILE = Terrestrial/Info.plist;
				INSTALL_PATH = "$(LOCAL_LIBRARY_DIR)/Frameworks";
				LD_DYLIB_INSTALL_NAME = "$(DYLIB_INSTALL_NAME_BASE:standardizepath)/$(EXECUTABLE_PATH)";
				LD_RUNPATH_SEARCH_PATHS = "$(inherited) @executable_path/Frameworks @loader_path/Frameworks";
				LIBRARY_SEARCH_PATHS = "$(inherited)";
				MACH_O_TYPE = mh_dylib;
				ONLY_ACTIVE_ARCH = NO;
				PRODUCT_NAME = "$(TARGET_NAME)";
				SKIP_INSTALL = YES;
			};
			name = Release;
		};
		79D676CB1BA9B02B0095F4B5 /* Debug */ = {
			isa = XCBuildConfiguration;
			buildSettings = {
				FRAMEWORK_SEARCH_PATHS = (
					"$(SDKROOT)/Developer/Library/Frameworks",
					"$(inherited)",
				);
				GCC_PREPROCESSOR_DEFINITIONS = (
					"DEBUG=1",
					"$(inherited)",
				);
				INFOPLIST_FILE = TerrestrialTests/Info.plist;
				LD_RUNPATH_SEARCH_PATHS = "$(inherited) @executable_path/Frameworks @loader_path/Frameworks";
				PRODUCT_NAME = "$(TARGET_NAME)";
			};
			name = Debug;
		};
		79D676CC1BA9B02B0095F4B5 /* Release */ = {
			isa = XCBuildConfiguration;
			buildSettings = {
				FRAMEWORK_SEARCH_PATHS = (
					"$(SDKROOT)/Developer/Library/Frameworks",
					"$(inherited)",
				);
				INFOPLIST_FILE = TerrestrialTests/Info.plist;
				LD_RUNPATH_SEARCH_PATHS = "$(inherited) @executable_path/Frameworks @loader_path/Frameworks";
				PRODUCT_NAME = "$(TARGET_NAME)";
			};
			name = Release;
		};
/* End XCBuildConfiguration section */

/* Begin XCConfigurationList section */
		79D676AB1BA9B02A0095F4B5 /* Build configuration list for PBXProject "Terrestrial" */ = {
			isa = XCConfigurationList;
			buildConfigurations = (
				79D676C51BA9B02B0095F4B5 /* Debug */,
				79D676C61BA9B02B0095F4B5 /* Release */,
			);
			defaultConfigurationIsVisible = 0;
			defaultConfigurationName = Release;
		};
		79D676C71BA9B02B0095F4B5 /* Build configuration list for PBXNativeTarget "Terrestrial" */ = {
			isa = XCConfigurationList;
			buildConfigurations = (
				79D676C81BA9B02B0095F4B5 /* Debug */,
				79D676C91BA9B02B0095F4B5 /* Release */,
			);
			defaultConfigurationIsVisible = 0;
			defaultConfigurationName = Release;
		};
		79D676CA1BA9B02B0095F4B5 /* Build configuration list for PBXNativeTarget "TerrestrialTests" */ = {
			isa = XCConfigurationList;
			buildConfigurations = (
				79D676CB1BA9B02B0095F4B5 /* Debug */,
				79D676CC1BA9B02B0095F4B5 /* Release */,
			);
			defaultConfigurationIsVisible = 0;
			defaultConfigurationName = Release;
		};
/* End XCConfigurationList section */
	};
	rootObject = 79D676A81BA9B02A0095F4B5 /* Project object */;
}
